
Microsoft Visual Studio Solution File, Format Version 12.00
# Visual Studio Version 17
VisualStudioVersion = 17.11.35303.130
MinimumVisualStudioVersion = 10.0.40219.1
Project("{FAE04EC0-301F-11D3-BF4B-00C04F79EFBC}") = "MAPgit", "MAPgit\MAPgit.csproj", "{6EF15FC6-07B5-4AB0-BCFC-2E3076781AD4}"
EndProject
Global
	GlobalSection(SolutionConfigurationPlatforms) = preSolution
		Debug|Any CPU = Debug|Any CPU
		Release|Any CPU = Release|Any CPU
	EndGlobalSection
	GlobalSection(ProjectConfigurationPlatforms) = postSolution
		{6EF15FC6-07B5-4AB0-BCFC-2E3076781AD4}.Debug|Any CPU.ActiveCfg = Debug|Any CPU
		{6EF15FC6-07B5-4AB0-BCFC-2E3076781AD4}.Debug|Any CPU.Build.0 = Debug|Any CPU
		{6EF15FC6-07B5-4AB0-BCFC-2E3076781AD4}.Release|Any CPU.ActiveCfg = Release|Any CPU
		{6EF15FC6-07B5-4AB0-BCFC-2E3076781AD4}.Release|Any CPU.Build.0 = Release|Any CPU
	EndGlobalSection
	GlobalSection(SolutionProperties) = preSolution
		HideSolutionNode = FALSE
	EndGlobalSection
	GlobalSection(ExtensibilityGlobals) = postSolution
		SolutionGuid = {9656E6DB-2935-4FB2-ADCE-F4285F3A520F}
	EndGlobalSection
EndGlobal
