
Microsoft Visual Studio Solution File, Format Version 12.00
# Visual Studio Version 17
VisualStudioVersion = 17.11.35303.130
MinimumVisualStudioVersion = 10.0.40219.1
Project("{FAE04EC0-301F-11D3-BF4B-00C04F79EFBC}") = "MAPgit", "MAPgit\MAPgit.csproj", "{C09B8EFE-E64A-4EBA-A3A9-93B493EA1697}"
EndProject
Global
	GlobalSection(SolutionConfigurationPlatforms) = preSolution
		Debug|Any CPU = Debug|Any CPU
		Release|Any CPU = Release|Any CPU
	EndGlobalSection
	GlobalSection(ProjectConfigurationPlatforms) = postSolution
		{C09B8EFE-E64A-4EBA-A3A9-93B493EA1697}.Debug|Any CPU.ActiveCfg = Debug|Any CPU
		{C09B8EFE-E64A-4EBA-A3A9-93B493EA1697}.Debug|Any CPU.Build.0 = Debug|Any CPU
		{C09B8EFE-E64A-4EBA-A3A9-93B493EA1697}.Release|Any CPU.ActiveCfg = Release|Any CPU
		{C09B8EFE-E64A-4EBA-A3A9-93B493EA1697}.Release|Any CPU.Build.0 = Release|Any CPU
	EndGlobalSection
	GlobalSection(SolutionProperties) = preSolution
		HideSolutionNode = FALSE
	EndGlobalSection
	GlobalSection(ExtensibilityGlobals) = postSolution
		SolutionGuid = {1ECECE25-CB63-4FC4-8C57-B76A873134B6}
	EndGlobalSection
EndGlobal
